// !$*UTF8*$!
{
	archiveVersion = 1;
	classes = {
	};
	objectVersion = 55;
	objects = {

/* Begin PBXBuildFile section */
		AB286BB45F5D3848C5EE077B /* Pods_HW14_Photos_Albums_Screen.framework in Frameworks */ = {isa = PBXBuildFile; fileRef = CEA5F3CEDD8923A61FD2F901 /* Pods_HW14_Photos_Albums_Screen.framework */; };
		DD1364A82856424E002C8818 /* AppDelegate.swift in Sources */ = {isa = PBXBuildFile; fileRef = DD1364A72856424E002C8818 /* AppDelegate.swift */; };
		DD1364AA2856424E002C8818 /* SceneDelegate.swift in Sources */ = {isa = PBXBuildFile; fileRef = DD1364A92856424E002C8818 /* SceneDelegate.swift */; };
		DD1364AC2856424E002C8818 /* MainTabBarController.swift in Sources */ = {isa = PBXBuildFile; fileRef = DD1364AB2856424E002C8818 /* MainTabBarController.swift */; };
		DD1364B12856424E002C8818 /* Assets.xcassets in Resources */ = {isa = PBXBuildFile; fileRef = DD1364B02856424E002C8818 /* Assets.xcassets */; };
		DD1364B42856424E002C8818 /* LaunchScreen.storyboard in Resources */ = {isa = PBXBuildFile; fileRef = DD1364B22856424E002C8818 /* LaunchScreen.storyboard */; };
		DD1364C02856481F002C8818 /* AlbumViewController.swift in Sources */ = {isa = PBXBuildFile; fileRef = DD1364BF2856481F002C8818 /* AlbumViewController.swift */; };
		DD1364C228564C68002C8818 /* PhotoCollectionViewCell.swift in Sources */ = {isa = PBXBuildFile; fileRef = DD1364C128564C68002C8818 /* PhotoCollectionViewCell.swift */; };
		DD1364C428564D1E002C8818 /* CellModel.swift in Sources */ = {isa = PBXBuildFile; fileRef = DD1364C328564D1E002C8818 /* CellModel.swift */; };
		DD1364C728564DA7002C8818 /* ExtensionAlbumViewController.swift in Sources */ = {isa = PBXBuildFile; fileRef = DD1364C628564DA7002C8818 /* ExtensionAlbumViewController.swift */; };
		DD1364CA28564F06002C8818 /* ApiCell.swift in Sources */ = {isa = PBXBuildFile; fileRef = DD1364C928564F06002C8818 /* ApiCell.swift */; };
		DD1364CC285650C1002C8818 /* PhotoHeaderView.swift in Sources */ = {isa = PBXBuildFile; fileRef = DD1364CB285650C1002C8818 /* PhotoHeaderView.swift */; };
		DD1364CE28565B40002C8818 /* ListCollectionViewCell.swift in Sources */ = {isa = PBXBuildFile; fileRef = DD1364CD28565B40002C8818 /* ListCollectionViewCell.swift */; };
/* End PBXBuildFile section */

/* Begin PBXFileReference section */
		BF2D76BBBF8B060053D08246 /* Pods-HW14-Photos-Albums-Screen.debug.xcconfig */ = {isa = PBXFileReference; includeInIndex = 1; lastKnownFileType = text.xcconfig; name = "Pods-HW14-Photos-Albums-Screen.debug.xcconfig"; path = "Target Support Files/Pods-HW14-Photos-Albums-Screen/Pods-HW14-Photos-Albums-Screen.debug.xcconfig"; sourceTree = "<group>"; };
		CEA5F3CEDD8923A61FD2F901 /* Pods_HW14_Photos_Albums_Screen.framework */ = {isa = PBXFileReference; explicitFileType = wrapper.framework; includeInIndex = 0; path = Pods_HW14_Photos_Albums_Screen.framework; sourceTree = BUILT_PRODUCTS_DIR; };
		DD1364A42856424E002C8818 /* HW14-Photos-Albums-Screen.app */ = {isa = PBXFileReference; explicitFileType = wrapper.application; includeInIndex = 0; path = "HW14-Photos-Albums-Screen.app"; sourceTree = BUILT_PRODUCTS_DIR; };
		DD1364A72856424E002C8818 /* AppDelegate.swift */ = {isa = PBXFileReference; lastKnownFileType = sourcecode.swift; path = AppDelegate.swift; sourceTree = "<group>"; };
		DD1364A92856424E002C8818 /* SceneDelegate.swift */ = {isa = PBXFileReference; lastKnownFileType = sourcecode.swift; path = SceneDelegate.swift; sourceTree = "<group>"; };
		DD1364AB2856424E002C8818 /* MainTabBarController.swift */ = {isa = PBXFileReference; lastKnownFileType = sourcecode.swift; path = MainTabBarController.swift; sourceTree = "<group>"; };
		DD1364B02856424E002C8818 /* Assets.xcassets */ = {isa = PBXFileReference; lastKnownFileType = folder.assetcatalog; path = Assets.xcassets; sourceTree = "<group>"; };
		DD1364B32856424E002C8818 /* Base */ = {isa = PBXFileReference; lastKnownFileType = file.storyboard; name = Base; path = Base.lproj/LaunchScreen.storyboard; sourceTree = "<group>"; };
		DD1364B52856424E002C8818 /* Info.plist */ = {isa = PBXFileReference; lastKnownFileType = text.plist.xml; path = Info.plist; sourceTree = "<group>"; };
		DD1364BF2856481F002C8818 /* AlbumViewController.swift */ = {isa = PBXFileReference; lastKnownFileType = sourcecode.swift; path = AlbumViewController.swift; sourceTree = "<group>"; };
		DD1364C128564C68002C8818 /* PhotoCollectionViewCell.swift */ = {isa = PBXFileReference; lastKnownFileType = sourcecode.swift; path = PhotoCollectionViewCell.swift; sourceTree = "<group>"; };
		DD1364C328564D1E002C8818 /* CellModel.swift */ = {isa = PBXFileReference; lastKnownFileType = sourcecode.swift; path = CellModel.swift; sourceTree = "<group>"; };
		DD1364C628564DA7002C8818 /* ExtensionAlbumViewController.swift */ = {isa = PBXFileReference; lastKnownFileType = sourcecode.swift; path = ExtensionAlbumViewController.swift; sourceTree = "<group>"; };
		DD1364C928564F06002C8818 /* ApiCell.swift */ = {isa = PBXFileReference; lastKnownFileType = sourcecode.swift; path = ApiCell.swift; sourceTree = "<group>"; };
		DD1364CB285650C1002C8818 /* PhotoHeaderView.swift */ = {isa = PBXFileReference; lastKnownFileType = sourcecode.swift; path = PhotoHeaderView.swift; sourceTree = "<group>"; };
		DD1364CD28565B40002C8818 /* ListCollectionViewCell.swift */ = {isa = PBXFileReference; lastKnownFileType = sourcecode.swift; path = ListCollectionViewCell.swift; sourceTree = "<group>"; };
		EF9A124F5ABA3F635E6174DE /* Pods-HW14-Photos-Albums-Screen.release.xcconfig */ = {isa = PBXFileReference; includeInIndex = 1; lastKnownFileType = text.xcconfig; name = "Pods-HW14-Photos-Albums-Screen.release.xcconfig"; path = "Target Support Files/Pods-HW14-Photos-Albums-Screen/Pods-HW14-Photos-Albums-Screen.release.xcconfig"; sourceTree = "<group>"; };
/* End PBXFileReference section */

/* Begin PBXFrameworksBuildPhase section */
		DD1364A12856424E002C8818 /* Frameworks */ = {
			isa = PBXFrameworksBuildPhase;
			buildActionMask = 2147483647;
			files = (
				AB286BB45F5D3848C5EE077B /* Pods_HW14_Photos_Albums_Screen.framework in Frameworks */,
			);
			runOnlyForDeploymentPostprocessing = 0;
		};
/* End PBXFrameworksBuildPhase section */

/* Begin PBXGroup section */
		92F319636C1BC5234B0D4223 /* Pods */ = {
			isa = PBXGroup;
			children = (
				BF2D76BBBF8B060053D08246 /* Pods-HW14-Photos-Albums-Screen.debug.xcconfig */,
				EF9A124F5ABA3F635E6174DE /* Pods-HW14-Photos-Albums-Screen.release.xcconfig */,
			);
			path = Pods;
			sourceTree = "<group>";
		};
		C063CE59F1A1EC095DE6E7B8 /* Frameworks */ = {
			isa = PBXGroup;
			children = (
				CEA5F3CEDD8923A61FD2F901 /* Pods_HW14_Photos_Albums_Screen.framework */,
			);
			name = Frameworks;
			sourceTree = "<group>";
		};
		DD13649B2856424E002C8818 = {
			isa = PBXGroup;
			children = (
				DD1364A62856424E002C8818 /* HW14-Photos-Albums-Screen */,
				DD1364A52856424E002C8818 /* Products */,
				92F319636C1BC5234B0D4223 /* Pods */,
				C063CE59F1A1EC095DE6E7B8 /* Frameworks */,
			);
			sourceTree = "<group>";
		};
		DD1364A52856424E002C8818 /* Products */ = {
			isa = PBXGroup;
			children = (
				DD1364A42856424E002C8818 /* HW14-Photos-Albums-Screen.app */,
			);
			name = Products;
			sourceTree = "<group>";
		};
		DD1364A62856424E002C8818 /* HW14-Photos-Albums-Screen */ = {
			isa = PBXGroup;
			children = (
				DD1364C828564EF3002C8818 /* API */,
				DD1364BE285644D3002C8818 /* Model */,
				DD1364BD285644CF002C8818 /* View */,
				DD1364BC285644C7002C8818 /* Controller */,
				DD1364C528564D98002C8818 /* Extension */,
				DD1364BB285644BD002C8818 /* Resourses */,
			);
			path = "HW14-Photos-Albums-Screen";
			sourceTree = "<group>";
		};
		DD1364BB285644BD002C8818 /* Resourses */ = {
			isa = PBXGroup;
			children = (
				DD1364A72856424E002C8818 /* AppDelegate.swift */,
				DD1364A92856424E002C8818 /* SceneDelegate.swift */,
				DD1364B02856424E002C8818 /* Assets.xcassets */,
				DD1364B22856424E002C8818 /* LaunchScreen.storyboard */,
				DD1364B52856424E002C8818 /* Info.plist */,
			);
			path = Resourses;
			sourceTree = "<group>";
		};
		DD1364BC285644C7002C8818 /* Controller */ = {
			isa = PBXGroup;
			children = (
				DD1364AB2856424E002C8818 /* MainTabBarController.swift */,
				DD1364BF2856481F002C8818 /* AlbumViewController.swift */,
			);
			path = Controller;
			sourceTree = "<group>";
		};
		DD1364BD285644CF002C8818 /* View */ = {
			isa = PBXGroup;
			children = (
				DD1364C128564C68002C8818 /* PhotoCollectionViewCell.swift */,
				DD1364CB285650C1002C8818 /* PhotoHeaderView.swift */,
				DD1364CD28565B40002C8818 /* ListCollectionViewCell.swift */,
			);
			path = View;
			sourceTree = "<group>";
		};
		DD1364BE285644D3002C8818 /* Model */ = {
			isa = PBXGroup;
			children = (
				DD1364C328564D1E002C8818 /* CellModel.swift */,
			);
			path = Model;
			sourceTree = "<group>";
		};
		DD1364C528564D98002C8818 /* Extension */ = {
			isa = PBXGroup;
			children = (
				DD1364C628564DA7002C8818 /* ExtensionAlbumViewController.swift */,
			);
			path = Extension;
			sourceTree = "<group>";
		};
		DD1364C828564EF3002C8818 /* API */ = {
			isa = PBXGroup;
			children = (
				DD1364C928564F06002C8818 /* ApiCell.swift */,
			);
			path = API;
			sourceTree = "<group>";
		};
/* End PBXGroup section */

/* Begin PBXNativeTarget section */
		DD1364A32856424E002C8818 /* HW14-Photos-Albums-Screen */ = {
			isa = PBXNativeTarget;
			buildConfigurationList = DD1364B82856424E002C8818 /* Build configuration list for PBXNativeTarget "HW14-Photos-Albums-Screen" */;
			buildPhases = (
				9F3B56AB6AD6B150F4963C5E /* [CP] Check Pods Manifest.lock */,
				DD1364A02856424E002C8818 /* Sources */,
				DD1364A12856424E002C8818 /* Frameworks */,
				DD1364A22856424E002C8818 /* Resources */,
				E97CD21C80203D9B1D0F4EDE /* [CP] Embed Pods Frameworks */,
			);
			buildRules = (
			);
			dependencies = (
			);
			name = "HW14-Photos-Albums-Screen";
			productName = "HW14-Photos-Albums-Screen";
			productReference = DD1364A42856424E002C8818 /* HW14-Photos-Albums-Screen.app */;
			productType = "com.apple.product-type.application";
		};
/* End PBXNativeTarget section */

/* Begin PBXProject section */
		DD13649C2856424E002C8818 /* Project object */ = {
			isa = PBXProject;
			attributes = {
				BuildIndependentTargetsInParallel = 1;
				LastSwiftUpdateCheck = 1330;
				LastUpgradeCheck = 1330;
				TargetAttributes = {
					DD1364A32856424E002C8818 = {
						CreatedOnToolsVersion = 13.3.1;
					};
				};
			};
			buildConfigurationList = DD13649F2856424E002C8818 /* Build configuration list for PBXProject "HW14-Photos-Albums-Screen" */;
			compatibilityVersion = "Xcode 13.0";
			developmentRegion = en;
			hasScannedForEncodings = 0;
			knownRegions = (
				en,
				Base,
			);
			mainGroup = DD13649B2856424E002C8818;
			productRefGroup = DD1364A52856424E002C8818 /* Products */;
			projectDirPath = "";
			projectRoot = "";
			targets = (
				DD1364A32856424E002C8818 /* HW14-Photos-Albums-Screen */,
			);
		};
/* End PBXProject section */

/* Begin PBXResourcesBuildPhase section */
		DD1364A22856424E002C8818 /* Resources */ = {
			isa = PBXResourcesBuildPhase;
			buildActionMask = 2147483647;
			files = (
				DD1364B42856424E002C8818 /* LaunchScreen.storyboard in Resources */,
				DD1364B12856424E002C8818 /* Assets.xcassets in Resources */,
			);
			runOnlyForDeploymentPostprocessing = 0;
		};
/* End PBXResourcesBuildPhase section */

/* Begin PBXShellScriptBuildPhase section */
		9F3B56AB6AD6B150F4963C5E /* [CP] Check Pods Manifest.lock */ = {
			isa = PBXShellScriptBuildPhase;
			buildActionMask = 2147483647;
			files = (
			);
			inputFileListPaths = (
			);
			inputPaths = (
				"${PODS_PODFILE_DIR_PATH}/Podfile.lock",
				"${PODS_ROOT}/Manifest.lock",
			);
			name = "[CP] Check Pods Manifest.lock";
			outputFileListPaths = (
			);
			outputPaths = (
				"$(DERIVED_FILE_DIR)/Pods-HW14-Photos-Albums-Screen-checkManifestLockResult.txt",
			);
			runOnlyForDeploymentPostprocessing = 0;
			shellPath = /bin/sh;
			shellScript = "diff \"${PODS_PODFILE_DIR_PATH}/Podfile.lock\" \"${PODS_ROOT}/Manifest.lock\" > /dev/null\nif [ $? != 0 ] ; then\n    # print error to STDERR\n    echo \"error: The sandbox is not in sync with the Podfile.lock. Run 'pod install' or update your CocoaPods installation.\" >&2\n    exit 1\nfi\n# This output is used by Xcode 'outputs' to avoid re-running this script phase.\necho \"SUCCESS\" > \"${SCRIPT_OUTPUT_FILE_0}\"\n";
			showEnvVarsInLog = 0;
		};
		E97CD21C80203D9B1D0F4EDE /* [CP] Embed Pods Frameworks */ = {
			isa = PBXShellScriptBuildPhase;
			buildActionMask = 2147483647;
			files = (
			);
			inputFileListPaths = (
				"${PODS_ROOT}/Target Support Files/Pods-HW14-Photos-Albums-Screen/Pods-HW14-Photos-Albums-Screen-frameworks-${CONFIGURATION}-input-files.xcfilelist",
			);
			name = "[CP] Embed Pods Frameworks";
			outputFileListPaths = (
				"${PODS_ROOT}/Target Support Files/Pods-HW14-Photos-Albums-Screen/Pods-HW14-Photos-Albums-Screen-frameworks-${CONFIGURATION}-output-files.xcfilelist",
			);
			runOnlyForDeploymentPostprocessing = 0;
			shellPath = /bin/sh;
			shellScript = "\"${PODS_ROOT}/Target Support Files/Pods-HW14-Photos-Albums-Screen/Pods-HW14-Photos-Albums-Screen-frameworks.sh\"\n";
			showEnvVarsInLog = 0;
		};
/* End PBXShellScriptBuildPhase section */

/* Begin PBXSourcesBuildPhase section */
		DD1364A02856424E002C8818 /* Sources */ = {
			isa = PBXSourcesBuildPhase;
			buildActionMask = 2147483647;
			files = (
				DD1364CC285650C1002C8818 /* PhotoHeaderView.swift in Sources */,
				DD1364C02856481F002C8818 /* AlbumViewController.swift in Sources */,
				DD1364C228564C68002C8818 /* PhotoCollectionViewCell.swift in Sources */,
				DD1364CA28564F06002C8818 /* ApiCell.swift in Sources */,
				DD1364AC2856424E002C8818 /* MainTabBarController.swift in Sources */,
				DD1364A82856424E002C8818 /* AppDelegate.swift in Sources */,
				DD1364CE28565B40002C8818 /* ListCollectionViewCell.swift in Sources */,
				DD1364AA2856424E002C8818 /* SceneDelegate.swift in Sources */,
				DD1364C728564DA7002C8818 /* ExtensionAlbumViewController.swift in Sources */,
				DD1364C428564D1E002C8818 /* CellModel.swift in Sources */,
			);
			runOnlyForDeploymentPostprocessing = 0;
		};
/* End PBXSourcesBuildPhase section */

/* Begin PBXVariantGroup section */
		DD1364B22856424E002C8818 /* LaunchScreen.storyboard */ = {
			isa = PBXVariantGroup;
			children = (
				DD1364B32856424E002C8818 /* Base */,
			);
			name = LaunchScreen.storyboard;
			sourceTree = "<group>";
		};
/* End PBXVariantGroup section */

/* Begin XCBuildConfiguration section */
		DD1364B62856424E002C8818 /* Debug */ = {
			isa = XCBuildConfiguration;
			buildSettings = {
				ALWAYS_SEARCH_USER_PATHS = NO;
				CLANG_ANALYZER_NONNULL = YES;
				CLANG_ANALYZER_NUMBER_OBJECT_CONVERSION = YES_AGGRESSIVE;
				CLANG_CXX_LANGUAGE_STANDARD = "gnu++17";
				CLANG_ENABLE_MODULES = YES;
				CLANG_ENABLE_OBJC_ARC = YES;
				CLANG_ENABLE_OBJC_WEAK = YES;
				CLANG_WARN_BLOCK_CAPTURE_AUTORELEASING = YES;
				CLANG_WARN_BOOL_CONVERSION = YES;
				CLANG_WARN_COMMA = YES;
				CLANG_WARN_CONSTANT_CONVERSION = YES;
				CLANG_WARN_DEPRECATED_OBJC_IMPLEMENTATIONS = YES;
				CLANG_WARN_DIRECT_OBJC_ISA_USAGE = YES_ERROR;
				CLANG_WARN_DOCUMENTATION_COMMENTS = YES;
				CLANG_WARN_EMPTY_BODY = YES;
				CLANG_WARN_ENUM_CONVERSION = YES;
				CLANG_WARN_INFINITE_RECURSION = YES;
				CLANG_WARN_INT_CONVERSION = YES;
				CLANG_WARN_NON_LITERAL_NULL_CONVERSION = YES;
				CLANG_WARN_OBJC_IMPLICIT_RETAIN_SELF = YES;
				CLANG_WARN_OBJC_LITERAL_CONVERSION = YES;
				CLANG_WARN_OBJC_ROOT_CLASS = YES_ERROR;
				CLANG_WARN_QUOTED_INCLUDE_IN_FRAMEWORK_HEADER = YES;
				CLANG_WARN_RANGE_LOOP_ANALYSIS = YES;
				CLANG_WARN_STRICT_PROTOTYPES = YES;
				CLANG_WARN_SUSPICIOUS_MOVE = YES;
				CLANG_WARN_UNGUARDED_AVAILABILITY = YES_AGGRESSIVE;
				CLANG_WARN_UNREACHABLE_CODE = YES;
				CLANG_WARN__DUPLICATE_METHOD_MATCH = YES;
				COPY_PHASE_STRIP = NO;
				DEBUG_INFORMATION_FORMAT = dwarf;
				ENABLE_STRICT_OBJC_MSGSEND = YES;
				ENABLE_TESTABILITY = YES;
				GCC_C_LANGUAGE_STANDARD = gnu11;
				GCC_DYNAMIC_NO_PIC = NO;
				GCC_NO_COMMON_BLOCKS = YES;
				GCC_OPTIMIZATION_LEVEL = 0;
				GCC_PREPROCESSOR_DEFINITIONS = (
					"DEBUG=1",
					"$(inherited)",
				);
				GCC_WARN_64_TO_32_BIT_CONVERSION = YES;
				GCC_WARN_ABOUT_RETURN_TYPE = YES_ERROR;
				GCC_WARN_UNDECLARED_SELECTOR = YES;
				GCC_WARN_UNINITIALIZED_AUTOS = YES_AGGRESSIVE;
				GCC_WARN_UNUSED_FUNCTION = YES;
				GCC_WARN_UNUSED_VARIABLE = YES;
				IPHONEOS_DEPLOYMENT_TARGET = 15.4;
				MTL_ENABLE_DEBUG_INFO = INCLUDE_SOURCE;
				MTL_FAST_MATH = YES;
				ONLY_ACTIVE_ARCH = YES;
				SDKROOT = iphoneos;
				SWIFT_ACTIVE_COMPILATION_CONDITIONS = DEBUG;
				SWIFT_OPTIMIZATION_LEVEL = "-Onone";
			};
			name = Debug;
		};
		DD1364B72856424E002C8818 /* Release */ = {
			isa = XCBuildConfiguration;
			buildSettings = {
				ALWAYS_SEARCH_USER_PATHS = NO;
				CLANG_ANALYZER_NONNULL = YES;
				CLANG_ANALYZER_NUMBER_OBJECT_CONVERSION = YES_AGGRESSIVE;
				CLANG_CXX_LANGUAGE_STANDARD = "gnu++17";
				CLANG_ENABLE_MODULES = YES;
				CLANG_ENABLE_OBJC_ARC = YES;
				CLANG_ENABLE_OBJC_WEAK = YES;
				CLANG_WARN_BLOCK_CAPTURE_AUTORELEASING = YES;
				CLANG_WARN_BOOL_CONVERSION = YES;
				CLANG_WARN_COMMA = YES;
				CLANG_WARN_CONSTANT_CONVERSION = YES;
				CLANG_WARN_DEPRECATED_OBJC_IMPLEMENTATIONS = YES;
				CLANG_WARN_DIRECT_OBJC_ISA_USAGE = YES_ERROR;
				CLANG_WARN_DOCUMENTATION_COMMENTS = YES;
				CLANG_WARN_EMPTY_BODY = YES;
				CLANG_WARN_ENUM_CONVERSION = YES;
				CLANG_WARN_INFINITE_RECURSION = YES;
				CLANG_WARN_INT_CONVERSION = YES;
				CLANG_WARN_NON_LITERAL_NULL_CONVERSION = YES;
				CLANG_WARN_OBJC_IMPLICIT_RETAIN_SELF = YES;
				CLANG_WARN_OBJC_LITERAL_CONVERSION = YES;
				CLANG_WARN_OBJC_ROOT_CLASS = YES_ERROR;
				CLANG_WARN_QUOTED_INCLUDE_IN_FRAMEWORK_HEADER = YES;
				CLANG_WARN_RANGE_LOOP_ANALYSIS = YES;
				CLANG_WARN_STRICT_PROTOTYPES = YES;
				CLANG_WARN_SUSPICIOUS_MOVE = YES;
				CLANG_WARN_UNGUARDED_AVAILABILITY = YES_AGGRESSIVE;
				CLANG_WARN_UNREACHABLE_CODE = YES;
				CLANG_WARN__DUPLICATE_METHOD_MATCH = YES;
				COPY_PHASE_STRIP = NO;
				DEBUG_INFORMATION_FORMAT = "dwarf-with-dsym";
				ENABLE_NS_ASSERTIONS = NO;
				ENABLE_STRICT_OBJC_MSGSEND = YES;
				GCC_C_LANGUAGE_STANDARD = gnu11;
				GCC_NO_COMMON_BLOCKS = YES;
				GCC_WARN_64_TO_32_BIT_CONVERSION = YES;
				GCC_WARN_ABOUT_RETURN_TYPE = YES_ERROR;
				GCC_WARN_UNDECLARED_SELECTOR = YES;
				GCC_WARN_UNINITIALIZED_AUTOS = YES_AGGRESSIVE;
				GCC_WARN_UNUSED_FUNCTION = YES;
				GCC_WARN_UNUSED_VARIABLE = YES;
				IPHONEOS_DEPLOYMENT_TARGET = 15.4;
				MTL_ENABLE_DEBUG_INFO = NO;
				MTL_FAST_MATH = YES;
				SDKROOT = iphoneos;
				SWIFT_COMPILATION_MODE = wholemodule;
				SWIFT_OPTIMIZATION_LEVEL = "-O";
				VALIDATE_PRODUCT = YES;
			};
			name = Release;
		};
		DD1364B92856424E002C8818 /* Debug */ = {
			isa = XCBuildConfiguration;
			baseConfigurationReference = BF2D76BBBF8B060053D08246 /* Pods-HW14-Photos-Albums-Screen.debug.xcconfig */;
			buildSettings = {
				ASSETCATALOG_COMPILER_APPICON_NAME = AppIcon;
				ASSETCATALOG_COMPILER_GLOBAL_ACCENT_COLOR_NAME = AccentColor;
				CODE_SIGN_STYLE = Automatic;
				CURRENT_PROJECT_VERSION = 1;
				DEVELOPMENT_TEAM = 7CZSM4DJ6N;
				GENERATE_INFOPLIST_FILE = YES;
				INFOPLIST_FILE = "HW14-Photos-Albums-Screen/Resourses/Info.plist";
				INFOPLIST_KEY_UIApplicationSupportsIndirectInputEvents = YES;
				INFOPLIST_KEY_UILaunchStoryboardName = LaunchScreen;
				INFOPLIST_KEY_UISupportedInterfaceOrientations_iPad = "UIInterfaceOrientationPortrait UIInterfaceOrientationPortraitUpsideDown UIInterfaceOrientationLandscapeLeft UIInterfaceOrientationLandscapeRight";
				INFOPLIST_KEY_UISupportedInterfaceOrientations_iPhone = "UIInterfaceOrientationPortrait UIInterfaceOrientationLandscapeLeft UIInterfaceOrientationLandscapeRight";
				LD_RUNPATH_SEARCH_PATHS = (
					"$(inherited)",
					"@executable_path/Frameworks",
				);
				MARKETING_VERSION = 1.0;
				PRODUCT_BUNDLE_IDENTIFIER = "com.my.HW14-Photos-Albums-Screen";
				PRODUCT_NAME = "$(TARGET_NAME)";
				SWIFT_EMIT_LOC_STRINGS = YES;
				SWIFT_VERSION = 5.0;
				TARGETED_DEVICE_FAMILY = "1,2";
			};
			name = Debug;
		};
		DD1364BA2856424E002C8818 /* Release */ = {
			isa = XCBuildConfiguration;
			baseConfigurationReference = EF9A124F5ABA3F635E6174DE /* Pods-HW14-Photos-Albums-Screen.release.xcconfig */;
			buildSettings = {
				ASSETCATALOG_COMPILER_APPICON_NAME = AppIcon;
				ASSETCATALOG_COMPILER_GLOBAL_ACCENT_COLOR_NAME = AccentColor;
				CODE_SIGN_STYLE = Automatic;
				CURRENT_PROJECT_VERSION = 1;
				DEVELOPMENT_TEAM = 7CZSM4DJ6N;
				GENERATE_INFOPLIST_FILE = YES;
				INFOPLIST_FILE = "HW14-Photos-Albums-Screen/Resourses/Info.plist";
				INFOPLIST_KEY_UIApplicationSupportsIndirectInputEvents = YES;
				INFOPLIST_KEY_UILaunchStoryboardName = LaunchScreen;
				INFOPLIST_KEY_UISupportedInterfaceOrientations_iPad = "UIInterfaceOrientationPortrait UIInterfaceOrientationPortraitUpsideDown UIInterfaceOrientationLandscapeLeft UIInterfaceOrientationLandscapeRight";
				INFOPLIST_KEY_UISupportedInterfaceOrientations_iPhone = "UIInterfaceOrientationPortrait UIInterfaceOrientationLandscapeLeft UIInterfaceOrientationLandscapeRight";
				LD_RUNPATH_SEARCH_PATHS = (
					"$(inherited)",
					"@executable_path/Frameworks",
				);
				MARKETING_VERSION = 1.0;
				PRODUCT_BUNDLE_IDENTIFIER = "com.my.HW14-Photos-Albums-Screen";
				PRODUCT_NAME = "$(TARGET_NAME)";
				SWIFT_EMIT_LOC_STRINGS = YES;
				SWIFT_VERSION = 5.0;
				TARGETED_DEVICE_FAMILY = "1,2";
			};
			name = Release;
		};
/* End XCBuildConfiguration section */

/* Begin XCConfigurationList section */
		DD13649F2856424E002C8818 /* Build configuration list for PBXProject "HW14-Photos-Albums-Screen" */ = {
			isa = XCConfigurationList;
			buildConfigurations = (
				DD1364B62856424E002C8818 /* Debug */,
				DD1364B72856424E002C8818 /* Release */,
			);
			defaultConfigurationIsVisible = 0;
			defaultConfigurationName = Release;
		};
		DD1364B82856424E002C8818 /* Build configuration list for PBXNativeTarget "HW14-Photos-Albums-Screen" */ = {
			isa = XCConfigurationList;
			buildConfigurations = (
				DD1364B92856424E002C8818 /* Debug */,
				DD1364BA2856424E002C8818 /* Release */,
			);
			defaultConfigurationIsVisible = 0;
			defaultConfigurationName = Release;
		};
/* End XCConfigurationList section */
	};
	rootObject = DD13649C2856424E002C8818 /* Project object */;
}
